<?xml version="1.0" encoding="utf-8"?>
<Project ToolsVersion="4.0" xmlns="http://schemas.microsoft.com/developer/msbuild/2003">
  <ItemGroup>
    <Filter Include="Source Files">
      <UniqueIdentifier>{4FC737F1-C7A5-4376-A066-2A32D752A2FF}</UniqueIdentifier>
      <Extensions>cpp;c;cc;cxx;c++;cppm;ixx;def;odl;idl;hpj;bat;asm;asmx</Extensions>
    </Filter>
    <Filter Include="Header Files">
      <UniqueIdentifier>{93995380-89BD-4b04-88EB-625FBE52EBFB}</UniqueIdentifier>
      <Extensions>h;hh;hpp;hxx;h++;hm;inl;inc;ipp;xsd</Extensions>
    </Filter>
    <Filter Include="Resource Files">
      <UniqueIdentifier>{67DA6AB6-F800-4c08-8B7A-83BB121AAD01}</UniqueIdentifier>
      <Extensions>rc;ico;cur;bmp;dlg;rc2;rct;bin;rgs;gif;jpg;jpeg;jpe;resx;tiff;tif;png;wav;mfcribbon-ms</Extensions>
    </Filter>
  </ItemGroup>
  <ItemGroup>
    <ClCompile Include="tests\test_main.cpp">
      <Filter>Source Files</Filter>
    </ClCompile>
    <ClCompile Include="modules\vectors\vector.ixx">
      <Filter>Source Files</Filter>
    </ClCompile>
    <ClCompile Include="modules\vectors\vect2.ixx">
      <Filter>Source Files</Filter>
    </ClCompile>
    <ClCompile Include="modules\vectors\vect3.ixx">
      <Filter>Source Files</Filter>
    </ClCompile>
    <ClCompile Include="modules\vectors\vect4.ixx">
      <Filter>Source Files</Filter>
    </ClCompile>
    <ClCompile Include="modules\vectors\clipvect2.ixx">
      <Filter>Source Files</Filter>
    </ClCompile>
    <ClCompile Include="modules\vectors\clipvect3.ixx">
      <Filter>Source Files</Filter>
    </ClCompile>
    <ClCompile Include="modules\vectors\clipvect4.ixx">
      <Filter>Source Files</Filter>
    </ClCompile>
    <ClCompile Include="modules\utils\pos.ixx">
      <Filter>Source Files</Filter>
    </ClCompile>
    <ClCompile Include="modules\utils\dims.ixx">
      <Filter>Source Files</Filter>
    </ClCompile>
    <ClCompile Include="modules\utils\offsets.ixx">
      <Filter>Source Files</Filter>
    </ClCompile>
    <ClCompile Include="modules\utils\timecodes.ixx">
      <Filter>Source Files</Filter>
    </ClCompile>
    <ClCompile Include="modules\utils\exceptions.ixx">
      <Filter>Source Files</Filter>
    </ClCompile>
    <ClCompile Include="modules\utils\ranges.ixx">
      <Filter>Source Files</Filter>
    </ClCompile>
    <ClCompile Include="modules\utils\perfmeters.ixx">
      <Filter>Source Files</Filter>
    </ClCompile>
    <ClCompile Include="modules\graphitems\rect.ixx">
      <Filter>Source Files</Filter>
    </ClCompile>
    <ClCompile Include="modules\utils\base_funcs.ixx">
      <Filter>Source Files</Filter>
    </ClCompile>
    <ClCompile Include="modules\utils\colors.ixx">
      <Filter>Source Files</Filter>
    </ClCompile>
    <ClCompile Include="modules\graphitems\line.ixx">
      <Filter>Source Files</Filter>
    </ClCompile>
    <ClCompile Include="modules\vectors\clipvector.ixx">
      <Filter>Source Files</Filter>
    </ClCompile>
  </ItemGroup>
  <ItemGroup>
    <ClInclude Include="include\tests\vectors\test_vect2.h">
      <Filter>Header Files</Filter>
    </ClInclude>
    <ClInclude Include="include\tests\vectors\test_vector.h">
      <Filter>Header Files</Filter>
    </ClInclude>
    <ClInclude Include="include\tests\vectors\test_vect3.h">
      <Filter>Header Files</Filter>
    </ClInclude>
    <ClInclude Include="include\tests\vectors\test_vect4.h">
      <Filter>Header Files</Filter>
    </ClInclude>
    <ClInclude Include="include\utils\clipvect2.h">
      <Filter>Header Files</Filter>
    </ClInclude>
    <ClInclude Include="include\tests\vectors\test_clipvect2.h">
      <Filter>Header Files</Filter>
    </ClInclude>
    <ClInclude Include="include\tests\vectors\test_clipvect3.h">
      <Filter>Header Files</Filter>
    </ClInclude>
    <ClInclude Include="include\tests\vectors\test_clipvect4.h">
      <Filter>Header Files</Filter>
    </ClInclude>
    <ClInclude Include="include\tests\utils\test_pos.h">
      <Filter>Header Files</Filter>
    </ClInclude>
    <ClInclude Include="include\tests\utils\test_dims.h">
      <Filter>Header Files</Filter>
    </ClInclude>
    <ClInclude Include="include\tests\utils\test_offsets.h">
      <Filter>Header Files</Filter>
    </ClInclude>
    <ClInclude Include="include\tests\utils\test_timecode.h">
      <Filter>Header Files</Filter>
    </ClInclude>
    <ClInclude Include="include\tests\utils\test_perfmeters.h">
      <Filter>Header Files</Filter>
    </ClInclude>
    <ClInclude Include="include\tests\test_opencv.h">
      <Filter>Header Files</Filter>
    </ClInclude>
    <ClInclude Include="include\tests\graphitems\test_rect.h">
      <Filter>Header Files</Filter>
    </ClInclude>
    <ClInclude Include="include\tests\graphitems\test_line.h">
      <Filter>Header Files</Filter>
    </ClInclude>
  </ItemGroup>
  <ItemGroup>
    <None Include="ReadMe.md" />
  </ItemGroup>
</Project>